{
  "nodes": {
    "emacs-overlay": {
      "inputs": {
        "flake-utils": "flake-utils",
        "nixpkgs": "nixpkgs"
      },
      "locked": {
        "lastModified": 1666502500,
        "narHash": "sha256-r8xtx6BMx3hfWlMx5ddI7BoB0oB+RL1DiPfci62SqwE=",
        "owner": "nix-community",
        "repo": "emacs-overlay",
        "rev": "4bf8caf3960ec720088711cc24a541b5180dd83f",
        "type": "github"
      },
      "original": {
        "owner": "nix-community",
        "repo": "emacs-overlay",
        "type": "github"
      }
    },
    "flake-utils": {
      "locked": {
        "lastModified": 1659877975,
        "narHash": "sha256-zllb8aq3YO3h8B/U0/J1WBgAL8EX5yWf5pMj3G0NAmc=",
        "owner": "numtide",
        "repo": "flake-utils",
        "rev": "c0e246b9b83f637f4681389ecabcb2681b4f3af0",
        "type": "github"
      },
      "original": {
        "owner": "numtide",
        "repo": "flake-utils",
        "type": "github"
      }
    },
    "nixpkgs": {
      "locked": {
        "lastModified": 1666424192,
        "narHash": "sha256-rb/a7Kg9s31jqkvdOQHFrUc5ig5kB+O2ZKB8mjU2kW8=",
        "owner": "NixOS",
        "repo": "nixpkgs",
        "rev": "4f8287f3d597c73b0d706cfad028c2d51821f64d",
        "type": "github"
      },
      "original": {
        "id": "nixpkgs",
        "type": "indirect"
      }
    },
    "nixpkgs_2": {
      "locked": {
        "lastModified": 1665483364,
        "narHash": "sha256-sisuhAPPjYB92YlcyoVEcTh5teuAkL9NW8UVexRsfoo=",
        "owner": "NixOS",
        "repo": "nixpkgs",
        "rev": "e0ed589d7422c1d7a1bdd1e81289e2428c6ec2a3",
        "type": "github"
      },
      "original": {
        "id": "nixpkgs",
        "type": "indirect"
      }
    },
    "root": {
      "inputs": {
        "emacs-overlay": "emacs-overlay",
        "nixpkgs": "nixpkgs_2"
      }
    }
  },
  "root": "root",
  "version": 7
}
